
Microsoft Visual Studio Solution File, Format Version 12.00
# Visual Studio 14
VisualStudioVersion = 14.0.25420.1
MinimumVisualStudioVersion = 10.0.40219.1
Project("{FAE04EC0-301F-11D3-BF4B-00C04F79EFBC}") = "WpfApp", "WpfApp\WpfApp.csproj", "{5F27E5DC-9A57-4B8E-A55B-A89A1E4C6DCD}"
EndProject
Project("{FAE04EC0-301F-11D3-BF4B-00C04F79EFBC}") = "ConsoleApp", "ConsoleApp\ConsoleApp.csproj", "{A03975F7-D134-4332-A4CE-5B49BAEF10AE}"
EndProject
Project("{FAE04EC0-301F-11D3-BF4B-00C04F79EFBC}") = "CSCommonLib", "ServerLib\CSCommonLib.csproj", "{DDB197AF-63DB-4562-A70B-2D8BB428BDF5}"
EndProject
Project("{FAE04EC0-301F-11D3-BF4B-00C04F79EFBC}") = "ClientApp", "ClientApp\ClientApp.csproj", "{0592FC0A-1E1E-4389-A3EC-3555106D0421}"
EndProject
Project("{F184B08F-C81C-45F6-A57F-5ABD9991F28F}") = "ClientVBApp", "ClientVBApp\ClientVBApp.vbproj", "{DEE884A4-A947-4825-91C4-B8F3C63FC4CB}"
EndProject
Project("{F184B08F-C81C-45F6-A57F-5ABD9991F28F}") = "ClientVBFormApp", "ClientVBFormApp\ClientVBFormApp.vbproj", "{9C815ACE-7C3A-4907-83EB-AA74E3AD4C19}"
EndProject
Project("{FAE04EC0-301F-11D3-BF4B-00C04F79EFBC}") = "WinApp", "WinApp\WinApp.csproj", "{A7793C74-7240-401F-A546-007B13EAE325}"
EndProject
Project("{FAE04EC0-301F-11D3-BF4B-00C04F79EFBC}") = "BLL", "BLL\BLL.csproj", "{6AAEC4A9-6B40-44D6-8CAF-4DE0A8FB4112}"
EndProject
Project("{FAE04EC0-301F-11D3-BF4B-00C04F79EFBC}") = "ORDesigner", "ORDesigner\ORDesigner.csproj", "{86A0A8B4-C76D-4FD4-A91E-15FC05D3DF1A}"
EndProject
Project("{FAE04EC0-301F-11D3-BF4B-00C04F79EFBC}") = "DAL", "..\DAL\DAL.csproj", "{23CBB24A-D0AE-4660-9FBE-EAB6F968E0A5}"
EndProject
Project("{FAE04EC0-301F-11D3-BF4B-00C04F79EFBC}") = "WinAppAddressBook", "WinAppAddressBook\WinAppAddressBook.csproj", "{C189958F-FBE1-40A0-98C3-66F946B2467B}"
EndProject
Project("{FAE04EC0-301F-11D3-BF4B-00C04F79EFBC}") = "WinAppVideoRentalStore", "WinAppVideoRentalStore\WinAppVideoRentalStore.csproj", "{3206F31D-71F3-4D8A-9809-219A0EA7272F}"
EndProject
Project("{FAE04EC0-301F-11D3-BF4B-00C04F79EFBC}") = "WpfPhotoGallery", "WpfPhotoGallery\WpfPhotoGallery.csproj", "{770B1705-5950-4F3A-8AED-1947C7115818}"
EndProject
Project("{FAE04EC0-301F-11D3-BF4B-00C04F79EFBC}") = "Wpf", "Wpf\Wpf.csproj", "{62EE0909-114E-4081-8712-A50DA5C61A43}"
EndProject
Project("{FAE04EC0-301F-11D3-BF4B-00C04F79EFBC}") = "WpfAppExam", "..\WpfAppProject\WpfAppExam\WpfAppExam.csproj", "{2C3BCAA1-9BD5-4573-87DF-CDC807D5CC7D}"
EndProject
Project("{FAE04EC0-301F-11D3-BF4B-00C04F79EFBC}") = "ConApp", "ConApp\ConApp.csproj", "{A6547214-3986-4CE7-A0C6-C3E91CA2B245}"
EndProject
Project("{FAE04EC0-301F-11D3-BF4B-00C04F79EFBC}") = "ConAppTcpServer", "ConAppTcpServer\ConAppTcpServer.csproj", "{0D88DDD0-38E7-448D-8F61-231EBF23073B}"
EndProject
Project("{FAE04EC0-301F-11D3-BF4B-00C04F79EFBC}") = "ConAppTcpClient", "ConAppTcpClient\ConAppTcpClient.csproj", "{B084460D-76E5-4117-BA95-CDB56016F899}"
EndProject
Project("{FAE04EC0-301F-11D3-BF4B-00C04F79EFBC}") = "ConAppUdpServer", "ConAppUdpServer\ConAppUdpServer.csproj", "{133C6427-2206-4E7E-80D1-A626271BA220}"
EndProject
Project("{FAE04EC0-301F-11D3-BF4B-00C04F79EFBC}") = "ConAppUdpClient", "ConAppUdpClient\ConAppUdpClient.csproj", "{9A011BB5-ABF3-404E-B6D3-51AD2112F5B7}"
EndProject
Project("{FAE04EC0-301F-11D3-BF4B-00C04F79EFBC}") = "WpfAppNetwork", "WpfAppNetwork\WpfAppNetwork.csproj", "{95102A49-3C0B-45BE-8765-6CBBB56B9112}"
EndProject
Project("{FAE04EC0-301F-11D3-BF4B-00C04F79EFBC}") = "WpfAppNetClient", "WpfAppNetClient\WpfAppNetClient.csproj", "{630B2F02-4BA6-4F83-80DE-5C837607237F}"
EndProject
Project("{FAE04EC0-301F-11D3-BF4B-00C04F79EFBC}") = "ConAppTransferSerialData", "ConAppTransferSerialData\ConAppTransferSerialData.csproj", "{ED26073C-FD39-4F98-8A86-920CE267A07D}"
EndProject
Project("{FAE04EC0-301F-11D3-BF4B-00C04F79EFBC}") = "ConAppReceiveSerialData", "ConAppReceiveSerialData\ConAppReceiveSerialData.csproj", "{E9C8F7BD-403E-4ECA-BF02-B99E2F83A30D}"
EndProject
Project("{FAE04EC0-301F-11D3-BF4B-00C04F79EFBC}") = "WpfAppChatSocket", "WpfAppChatSocket\WpfAppChatSocket.csproj", "{92B52164-3E9A-4CC0-A30E-AAD76503A4D9}"
EndProject
Project("{FAE04EC0-301F-11D3-BF4B-00C04F79EFBC}") = "WpfAppWebBrowser", "WpfAppWebBrowser\WpfAppWebBrowser.csproj", "{5D180EC0-2185-46B4-8970-FD690579C642}"
EndProject
Project("{FAE04EC0-301F-11D3-BF4B-00C04F79EFBC}") = "WpfAppTcpPort", "WpfAppTcpPort\WpfAppTcpPort.csproj", "{3EE01D0B-8374-4FA9-86AA-CC1AF14BCAF2}"
EndProject
Project("{FAE04EC0-301F-11D3-BF4B-00C04F79EFBC}") = "WinAppTcpPort", "WinAppTcpPort\WinAppTcpPort.csproj", "{37A3BB7D-9234-4709-90EA-4414203FB310}"
EndProject
Project("{FAE04EC0-301F-11D3-BF4B-00C04F79EFBC}") = "WpfAppTcpScan", "WpfAppTcpScan\WpfAppTcpScan.csproj", "{A1E929C6-759C-4096-9CD7-F0841372778F}"
EndProject
Project("{FAE04EC0-301F-11D3-BF4B-00C04F79EFBC}") = "WpfAppWebInfo", "WpfAppWebInfo\WpfAppWebInfo.csproj", "{B0133C53-3A90-4751-B482-5097C7D61AD1}"
EndProject
Project("{FAE04EC0-301F-11D3-BF4B-00C04F79EFBC}") = "WpfAppFTP", "WpfAppFTP\WpfAppFTP.csproj", "{C1CD3B6E-73C2-4F54-84A6-3B0695FD7116}"
EndProject
Project("{FAE04EC0-301F-11D3-BF4B-00C04F79EFBC}") = "WpfAppChat", "WpfAppChat\WpfAppChat.csproj", "{064BB19A-99DC-4944-A14F-54CB2601BCAD}"
EndProject
Project("{FAE04EC0-301F-11D3-BF4B-00C04F79EFBC}") = "WpfAppMail", "WpfAppMail\WpfAppMail.csproj", "{9A62C7E0-2EFE-4AFF-91DB-842B036C3D8E}"
EndProject
Project("{FAE04EC0-301F-11D3-BF4B-00C04F79EFBC}") = "WpfAppPhotoCooperative", "WpfAppPhotoCooperative\WpfAppPhotoCooperative.csproj", "{60AAAA6F-B7E0-461C-9E06-345FEB521514}"
EndProject
Global
	GlobalSection(SolutionConfigurationPlatforms) = preSolution
		Debug|Any CPU = Debug|Any CPU
		Release|Any CPU = Release|Any CPU
	EndGlobalSection
	GlobalSection(ProjectConfigurationPlatforms) = postSolution
		{5F27E5DC-9A57-4B8E-A55B-A89A1E4C6DCD}.Debug|Any CPU.ActiveCfg = Debug|Any CPU
		{5F27E5DC-9A57-4B8E-A55B-A89A1E4C6DCD}.Debug|Any CPU.Build.0 = Debug|Any CPU
		{5F27E5DC-9A57-4B8E-A55B-A89A1E4C6DCD}.Release|Any CPU.ActiveCfg = Release|Any CPU
		{5F27E5DC-9A57-4B8E-A55B-A89A1E4C6DCD}.Release|Any CPU.Build.0 = Release|Any CPU
		{A03975F7-D134-4332-A4CE-5B49BAEF10AE}.Debug|Any CPU.ActiveCfg = Debug|Any CPU
		{A03975F7-D134-4332-A4CE-5B49BAEF10AE}.Debug|Any CPU.Build.0 = Debug|Any CPU
		{A03975F7-D134-4332-A4CE-5B49BAEF10AE}.Release|Any CPU.ActiveCfg = Release|Any CPU
		{A03975F7-D134-4332-A4CE-5B49BAEF10AE}.Release|Any CPU.Build.0 = Release|Any CPU
		{DDB197AF-63DB-4562-A70B-2D8BB428BDF5}.Debug|Any CPU.ActiveCfg = Debug|Any CPU
		{DDB197AF-63DB-4562-A70B-2D8BB428BDF5}.Debug|Any CPU.Build.0 = Debug|Any CPU
		{DDB197AF-63DB-4562-A70B-2D8BB428BDF5}.Release|Any CPU.ActiveCfg = Release|Any CPU
		{DDB197AF-63DB-4562-A70B-2D8BB428BDF5}.Release|Any CPU.Build.0 = Release|Any CPU
		{0592FC0A-1E1E-4389-A3EC-3555106D0421}.Debug|Any CPU.ActiveCfg = Debug|Any CPU
		{0592FC0A-1E1E-4389-A3EC-3555106D0421}.Debug|Any CPU.Build.0 = Debug|Any CPU
		{0592FC0A-1E1E-4389-A3EC-3555106D0421}.Release|Any CPU.ActiveCfg = Release|Any CPU
		{0592FC0A-1E1E-4389-A3EC-3555106D0421}.Release|Any CPU.Build.0 = Release|Any CPU
		{DEE884A4-A947-4825-91C4-B8F3C63FC4CB}.Debug|Any CPU.ActiveCfg = Debug|Any CPU
		{DEE884A4-A947-4825-91C4-B8F3C63FC4CB}.Debug|Any CPU.Build.0 = Debug|Any CPU
		{DEE884A4-A947-4825-91C4-B8F3C63FC4CB}.Release|Any CPU.ActiveCfg = Release|Any CPU
		{DEE884A4-A947-4825-91C4-B8F3C63FC4CB}.Release|Any CPU.Build.0 = Release|Any CPU
		{9C815ACE-7C3A-4907-83EB-AA74E3AD4C19}.Debug|Any CPU.ActiveCfg = Debug|Any CPU
		{9C815ACE-7C3A-4907-83EB-AA74E3AD4C19}.Debug|Any CPU.Build.0 = Debug|Any CPU
		{9C815ACE-7C3A-4907-83EB-AA74E3AD4C19}.Release|Any CPU.ActiveCfg = Release|Any CPU
		{9C815ACE-7C3A-4907-83EB-AA74E3AD4C19}.Release|Any CPU.Build.0 = Release|Any CPU
		{A7793C74-7240-401F-A546-007B13EAE325}.Debug|Any CPU.ActiveCfg = Debug|Any CPU
		{A7793C74-7240-401F-A546-007B13EAE325}.Debug|Any CPU.Build.0 = Debug|Any CPU
		{A7793C74-7240-401F-A546-007B13EAE325}.Release|Any CPU.ActiveCfg = Release|Any CPU
		{A7793C74-7240-401F-A546-007B13EAE325}.Release|Any CPU.Build.0 = Release|Any CPU
		{6AAEC4A9-6B40-44D6-8CAF-4DE0A8FB4112}.Debug|Any CPU.ActiveCfg = Debug|Any CPU
		{6AAEC4A9-6B40-44D6-8CAF-4DE0A8FB4112}.Debug|Any CPU.Build.0 = Debug|Any CPU
		{6AAEC4A9-6B40-44D6-8CAF-4DE0A8FB4112}.Release|Any CPU.ActiveCfg = Release|Any CPU
		{6AAEC4A9-6B40-44D6-8CAF-4DE0A8FB4112}.Release|Any CPU.Build.0 = Release|Any CPU
		{86A0A8B4-C76D-4FD4-A91E-15FC05D3DF1A}.Debug|Any CPU.ActiveCfg = Debug|Any CPU
		{86A0A8B4-C76D-4FD4-A91E-15FC05D3DF1A}.Debug|Any CPU.Build.0 = Debug|Any CPU
		{86A0A8B4-C76D-4FD4-A91E-15FC05D3DF1A}.Release|Any CPU.ActiveCfg = Release|Any CPU
		{86A0A8B4-C76D-4FD4-A91E-15FC05D3DF1A}.Release|Any CPU.Build.0 = Release|Any CPU
		{23CBB24A-D0AE-4660-9FBE-EAB6F968E0A5}.Debug|Any CPU.ActiveCfg = Debug|Any CPU
		{23CBB24A-D0AE-4660-9FBE-EAB6F968E0A5}.Debug|Any CPU.Build.0 = Debug|Any CPU
		{23CBB24A-D0AE-4660-9FBE-EAB6F968E0A5}.Release|Any CPU.ActiveCfg = Release|Any CPU
		{23CBB24A-D0AE-4660-9FBE-EAB6F968E0A5}.Release|Any CPU.Build.0 = Release|Any CPU
		{C189958F-FBE1-40A0-98C3-66F946B2467B}.Debug|Any CPU.ActiveCfg = Debug|Any CPU
		{C189958F-FBE1-40A0-98C3-66F946B2467B}.Debug|Any CPU.Build.0 = Debug|Any CPU
		{C189958F-FBE1-40A0-98C3-66F946B2467B}.Release|Any CPU.ActiveCfg = Release|Any CPU
		{C189958F-FBE1-40A0-98C3-66F946B2467B}.Release|Any CPU.Build.0 = Release|Any CPU
		{3206F31D-71F3-4D8A-9809-219A0EA7272F}.Debug|Any CPU.ActiveCfg = Debug|Any CPU
		{3206F31D-71F3-4D8A-9809-219A0EA7272F}.Debug|Any CPU.Build.0 = Debug|Any CPU
		{3206F31D-71F3-4D8A-9809-219A0EA7272F}.Release|Any CPU.ActiveCfg = Release|Any CPU
		{3206F31D-71F3-4D8A-9809-219A0EA7272F}.Release|Any CPU.Build.0 = Release|Any CPU
		{770B1705-5950-4F3A-8AED-1947C7115818}.Debug|Any CPU.ActiveCfg = Debug|Any CPU
		{770B1705-5950-4F3A-8AED-1947C7115818}.Debug|Any CPU.Build.0 = Debug|Any CPU
		{770B1705-5950-4F3A-8AED-1947C7115818}.Release|Any CPU.ActiveCfg = Release|Any CPU
		{770B1705-5950-4F3A-8AED-1947C7115818}.Release|Any CPU.Build.0 = Release|Any CPU
		{62EE0909-114E-4081-8712-A50DA5C61A43}.Debug|Any CPU.ActiveCfg = Debug|Any CPU
		{62EE0909-114E-4081-8712-A50DA5C61A43}.Debug|Any CPU.Build.0 = Debug|Any CPU
		{62EE0909-114E-4081-8712-A50DA5C61A43}.Release|Any CPU.ActiveCfg = Release|Any CPU
		{62EE0909-114E-4081-8712-A50DA5C61A43}.Release|Any CPU.Build.0 = Release|Any CPU
		{2C3BCAA1-9BD5-4573-87DF-CDC807D5CC7D}.Debug|Any CPU.ActiveCfg = Debug|Any CPU
		{2C3BCAA1-9BD5-4573-87DF-CDC807D5CC7D}.Debug|Any CPU.Build.0 = Debug|Any CPU
		{2C3BCAA1-9BD5-4573-87DF-CDC807D5CC7D}.Release|Any CPU.ActiveCfg = Release|Any CPU
		{2C3BCAA1-9BD5-4573-87DF-CDC807D5CC7D}.Release|Any CPU.Build.0 = Release|Any CPU
		{A6547214-3986-4CE7-A0C6-C3E91CA2B245}.Debug|Any CPU.ActiveCfg = Debug|Any CPU
		{A6547214-3986-4CE7-A0C6-C3E91CA2B245}.Debug|Any CPU.Build.0 = Debug|Any CPU
		{A6547214-3986-4CE7-A0C6-C3E91CA2B245}.Release|Any CPU.ActiveCfg = Release|Any CPU
		{A6547214-3986-4CE7-A0C6-C3E91CA2B245}.Release|Any CPU.Build.0 = Release|Any CPU
		{0D88DDD0-38E7-448D-8F61-231EBF23073B}.Debug|Any CPU.ActiveCfg = Debug|Any CPU
		{0D88DDD0-38E7-448D-8F61-231EBF23073B}.Debug|Any CPU.Build.0 = Debug|Any CPU
		{0D88DDD0-38E7-448D-8F61-231EBF23073B}.Release|Any CPU.ActiveCfg = Release|Any CPU
		{0D88DDD0-38E7-448D-8F61-231EBF23073B}.Release|Any CPU.Build.0 = Release|Any CPU
		{B084460D-76E5-4117-BA95-CDB56016F899}.Debug|Any CPU.ActiveCfg = Debug|Any CPU
		{B084460D-76E5-4117-BA95-CDB56016F899}.Debug|Any CPU.Build.0 = Debug|Any CPU
		{B084460D-76E5-4117-BA95-CDB56016F899}.Release|Any CPU.ActiveCfg = Release|Any CPU
		{B084460D-76E5-4117-BA95-CDB56016F899}.Release|Any CPU.Build.0 = Release|Any CPU
		{133C6427-2206-4E7E-80D1-A626271BA220}.Debug|Any CPU.ActiveCfg = Debug|Any CPU
		{133C6427-2206-4E7E-80D1-A626271BA220}.Debug|Any CPU.Build.0 = Debug|Any CPU
		{133C6427-2206-4E7E-80D1-A626271BA220}.Release|Any CPU.ActiveCfg = Release|Any CPU
		{133C6427-2206-4E7E-80D1-A626271BA220}.Release|Any CPU.Build.0 = Release|Any CPU
		{9A011BB5-ABF3-404E-B6D3-51AD2112F5B7}.Debug|Any CPU.ActiveCfg = Debug|Any CPU
		{9A011BB5-ABF3-404E-B6D3-51AD2112F5B7}.Debug|Any CPU.Build.0 = Debug|Any CPU
		{9A011BB5-ABF3-404E-B6D3-51AD2112F5B7}.Release|Any CPU.ActiveCfg = Release|Any CPU
		{9A011BB5-ABF3-404E-B6D3-51AD2112F5B7}.Release|Any CPU.Build.0 = Release|Any CPU
		{95102A49-3C0B-45BE-8765-6CBBB56B9112}.Debug|Any CPU.ActiveCfg = Debug|Any CPU
		{95102A49-3C0B-45BE-8765-6CBBB56B9112}.Debug|Any CPU.Build.0 = Debug|Any CPU
		{95102A49-3C0B-45BE-8765-6CBBB56B9112}.Release|Any CPU.ActiveCfg = Release|Any CPU
		{95102A49-3C0B-45BE-8765-6CBBB56B9112}.Release|Any CPU.Build.0 = Release|Any CPU
		{630B2F02-4BA6-4F83-80DE-5C837607237F}.Debug|Any CPU.ActiveCfg = Debug|Any CPU
		{630B2F02-4BA6-4F83-80DE-5C837607237F}.Debug|Any CPU.Build.0 = Debug|Any CPU
		{630B2F02-4BA6-4F83-80DE-5C837607237F}.Release|Any CPU.ActiveCfg = Release|Any CPU
		{630B2F02-4BA6-4F83-80DE-5C837607237F}.Release|Any CPU.Build.0 = Release|Any CPU
		{ED26073C-FD39-4F98-8A86-920CE267A07D}.Debug|Any CPU.ActiveCfg = Debug|Any CPU
		{ED26073C-FD39-4F98-8A86-920CE267A07D}.Debug|Any CPU.Build.0 = Debug|Any CPU
		{ED26073C-FD39-4F98-8A86-920CE267A07D}.Release|Any CPU.ActiveCfg = Release|Any CPU
		{ED26073C-FD39-4F98-8A86-920CE267A07D}.Release|Any CPU.Build.0 = Release|Any CPU
		{E9C8F7BD-403E-4ECA-BF02-B99E2F83A30D}.Debug|Any CPU.ActiveCfg = Debug|Any CPU
		{E9C8F7BD-403E-4ECA-BF02-B99E2F83A30D}.Debug|Any CPU.Build.0 = Debug|Any CPU
		{E9C8F7BD-403E-4ECA-BF02-B99E2F83A30D}.Release|Any CPU.ActiveCfg = Release|Any CPU
		{E9C8F7BD-403E-4ECA-BF02-B99E2F83A30D}.Release|Any CPU.Build.0 = Release|Any CPU
		{92B52164-3E9A-4CC0-A30E-AAD76503A4D9}.Debug|Any CPU.ActiveCfg = Debug|Any CPU
		{92B52164-3E9A-4CC0-A30E-AAD76503A4D9}.Debug|Any CPU.Build.0 = Debug|Any CPU
		{92B52164-3E9A-4CC0-A30E-AAD76503A4D9}.Release|Any CPU.ActiveCfg = Release|Any CPU
		{92B52164-3E9A-4CC0-A30E-AAD76503A4D9}.Release|Any CPU.Build.0 = Release|Any CPU
		{5D180EC0-2185-46B4-8970-FD690579C642}.Debug|Any CPU.ActiveCfg = Debug|Any CPU
		{5D180EC0-2185-46B4-8970-FD690579C642}.Debug|Any CPU.Build.0 = Debug|Any CPU
		{5D180EC0-2185-46B4-8970-FD690579C642}.Release|Any CPU.ActiveCfg = Release|Any CPU
		{5D180EC0-2185-46B4-8970-FD690579C642}.Release|Any CPU.Build.0 = Release|Any CPU
		{3EE01D0B-8374-4FA9-86AA-CC1AF14BCAF2}.Debug|Any CPU.ActiveCfg = Debug|Any CPU
		{3EE01D0B-8374-4FA9-86AA-CC1AF14BCAF2}.Debug|Any CPU.Build.0 = Debug|Any CPU
		{3EE01D0B-8374-4FA9-86AA-CC1AF14BCAF2}.Release|Any CPU.ActiveCfg = Release|Any CPU
		{3EE01D0B-8374-4FA9-86AA-CC1AF14BCAF2}.Release|Any CPU.Build.0 = Release|Any CPU
		{37A3BB7D-9234-4709-90EA-4414203FB310}.Debug|Any CPU.ActiveCfg = Debug|Any CPU
		{37A3BB7D-9234-4709-90EA-4414203FB310}.Debug|Any CPU.Build.0 = Debug|Any CPU
		{37A3BB7D-9234-4709-90EA-4414203FB310}.Release|Any CPU.ActiveCfg = Release|Any CPU
		{37A3BB7D-9234-4709-90EA-4414203FB310}.Release|Any CPU.Build.0 = Release|Any CPU
		{A1E929C6-759C-4096-9CD7-F0841372778F}.Debug|Any CPU.ActiveCfg = Debug|Any CPU
		{A1E929C6-759C-4096-9CD7-F0841372778F}.Debug|Any CPU.Build.0 = Debug|Any CPU
		{A1E929C6-759C-4096-9CD7-F0841372778F}.Release|Any CPU.ActiveCfg = Release|Any CPU
		{A1E929C6-759C-4096-9CD7-F0841372778F}.Release|Any CPU.Build.0 = Release|Any CPU
		{B0133C53-3A90-4751-B482-5097C7D61AD1}.Debug|Any CPU.ActiveCfg = Debug|Any CPU
		{B0133C53-3A90-4751-B482-5097C7D61AD1}.Debug|Any CPU.Build.0 = Debug|Any CPU
		{B0133C53-3A90-4751-B482-5097C7D61AD1}.Release|Any CPU.ActiveCfg = Release|Any CPU
		{B0133C53-3A90-4751-B482-5097C7D61AD1}.Release|Any CPU.Build.0 = Release|Any CPU
		{C1CD3B6E-73C2-4F54-84A6-3B0695FD7116}.Debug|Any CPU.ActiveCfg = Debug|Any CPU
		{C1CD3B6E-73C2-4F54-84A6-3B0695FD7116}.Debug|Any CPU.Build.0 = Debug|Any CPU
		{C1CD3B6E-73C2-4F54-84A6-3B0695FD7116}.Release|Any CPU.ActiveCfg = Release|Any CPU
		{C1CD3B6E-73C2-4F54-84A6-3B0695FD7116}.Release|Any CPU.Build.0 = Release|Any CPU
		{064BB19A-99DC-4944-A14F-54CB2601BCAD}.Debug|Any CPU.ActiveCfg = Debug|Any CPU
		{064BB19A-99DC-4944-A14F-54CB2601BCAD}.Debug|Any CPU.Build.0 = Debug|Any CPU
		{064BB19A-99DC-4944-A14F-54CB2601BCAD}.Release|Any CPU.ActiveCfg = Release|Any CPU
		{064BB19A-99DC-4944-A14F-54CB2601BCAD}.Release|Any CPU.Build.0 = Release|Any CPU
		{9A62C7E0-2EFE-4AFF-91DB-842B036C3D8E}.Debug|Any CPU.ActiveCfg = Debug|Any CPU
		{9A62C7E0-2EFE-4AFF-91DB-842B036C3D8E}.Debug|Any CPU.Build.0 = Debug|Any CPU
		{9A62C7E0-2EFE-4AFF-91DB-842B036C3D8E}.Release|Any CPU.ActiveCfg = Release|Any CPU
		{9A62C7E0-2EFE-4AFF-91DB-842B036C3D8E}.Release|Any CPU.Build.0 = Release|Any CPU
		{60AAAA6F-B7E0-461C-9E06-345FEB521514}.Debug|Any CPU.ActiveCfg = Debug|Any CPU
		{60AAAA6F-B7E0-461C-9E06-345FEB521514}.Debug|Any CPU.Build.0 = Debug|Any CPU
		{60AAAA6F-B7E0-461C-9E06-345FEB521514}.Release|Any CPU.ActiveCfg = Release|Any CPU
		{60AAAA6F-B7E0-461C-9E06-345FEB521514}.Release|Any CPU.Build.0 = Release|Any CPU
	EndGlobalSection
	GlobalSection(SolutionProperties) = preSolution
		HideSolutionNode = FALSE
	EndGlobalSection
EndGlobal
